
Microsoft Visual Studio Solution File, Format Version 12.00
# Visual Studio Version 16
VisualStudioVersion = 16.0.30709.132
MinimumVisualStudioVersion = 10.0.40219.1
Project("{FAE04EC0-301F-11D3-BF4B-00C04F79EFBC}") = "inlamning2", "inlamning2\inlamning2.csproj", "{39CB858A-1D55-48D7-A5DD-5758A0EB6D5A}"
EndProject
Global
	GlobalSection(SolutionConfigurationPlatforms) = preSolution
		Debug|Any CPU = Debug|Any CPU
		Release|Any CPU = Release|Any CPU
	EndGlobalSection
	GlobalSection(ProjectConfigurationPlatforms) = postSolution
		{39CB858A-1D55-48D7-A5DD-5758A0EB6D5A}.Debug|Any CPU.ActiveCfg = Debug|Any CPU
		{39CB858A-1D55-48D7-A5DD-5758A0EB6D5A}.Debug|Any CPU.Build.0 = Debug|Any CPU
		{39CB858A-1D55-48D7-A5DD-5758A0EB6D5A}.Release|Any CPU.ActiveCfg = Release|Any CPU
		{39CB858A-1D55-48D7-A5DD-5758A0EB6D5A}.Release|Any CPU.Build.0 = Release|Any CPU
	EndGlobalSection
	GlobalSection(SolutionProperties) = preSolution
		HideSolutionNode = FALSE
	EndGlobalSection
	GlobalSection(ExtensibilityGlobals) = postSolution
		SolutionGuid = {F11E5260-0FC7-43AF-9BF3-903DF9754B9C}
	EndGlobalSection
EndGlobal
